
Microsoft Visual Studio Solution File, Format Version 12.00
# Visual Studio 15
VisualStudioVersion = 15.0.27130.2024
MinimumVisualStudioVersion = 10.0.40219.1
Project("{8BC9CEB8-8B4A-11D0-8D11-00A0C91BC942}") = "SecMngServer", "SecMngServer\SecMngServer.vcxproj", "{230A76F3-5313-4657-9398-F4E0B2519CB6}"
EndProject
Global
	GlobalSection(SolutionConfigurationPlatforms) = preSolution
		Debug|ARM = Debug|ARM
		Debug|x64 = Debug|x64
		Debug|x86 = Debug|x86
		Release|ARM = Release|ARM
		Release|x64 = Release|x64
		Release|x86 = Release|x86
	EndGlobalSection
	GlobalSection(ProjectConfigurationPlatforms) = postSolution
		{230A76F3-5313-4657-9398-F4E0B2519CB6}.Debug|ARM.ActiveCfg = Debug|ARM
		{230A76F3-5313-4657-9398-F4E0B2519CB6}.Debug|ARM.Build.0 = Debug|ARM
		{230A76F3-5313-4657-9398-F4E0B2519CB6}.Debug|x64.ActiveCfg = Debug|x64
		{230A76F3-5313-4657-9398-F4E0B2519CB6}.Debug|x64.Build.0 = Debug|x64
		{230A76F3-5313-4657-9398-F4E0B2519CB6}.Debug|x86.ActiveCfg = Debug|x86
		{230A76F3-5313-4657-9398-F4E0B2519CB6}.Debug|x86.Build.0 = Debug|x86
		{230A76F3-5313-4657-9398-F4E0B2519CB6}.Release|ARM.ActiveCfg = Release|ARM
		{230A76F3-5313-4657-9398-F4E0B2519CB6}.Release|ARM.Build.0 = Release|ARM
		{230A76F3-5313-4657-9398-F4E0B2519CB6}.Release|x64.ActiveCfg = Release|x64
		{230A76F3-5313-4657-9398-F4E0B2519CB6}.Release|x64.Build.0 = Release|x64
		{230A76F3-5313-4657-9398-F4E0B2519CB6}.Release|x86.ActiveCfg = Release|x86
		{230A76F3-5313-4657-9398-F4E0B2519CB6}.Release|x86.Build.0 = Release|x86
	EndGlobalSection
	GlobalSection(SolutionProperties) = preSolution
		HideSolutionNode = FALSE
	EndGlobalSection
	GlobalSection(ExtensibilityGlobals) = postSolution
		SolutionGuid = {BAFED7D4-899A-4E64-959C-AA047A1B9572}
	EndGlobalSection
EndGlobal
